
Microsoft Visual Studio Solution File, Format Version 12.00
# Visual Studio 15
VisualStudioVersion = 15.0.27004.2009
MinimumVisualStudioVersion = 10.0.40219.1
Project("{FAE04EC0-301F-11D3-BF4B-00C04F79EFBC}") = "MySqlJob", "MySqlJob\MySqlJob.csproj", "{F08B98B5-AE6E-4710-AC25-22432601AFE2}"
EndProject
Global
	GlobalSection(SolutionConfigurationPlatforms) = preSolution
		Debug|Any CPU = Debug|Any CPU
		Release|Any CPU = Release|Any CPU
	EndGlobalSection
	GlobalSection(ProjectConfigurationPlatforms) = postSolution
		{F08B98B5-AE6E-4710-AC25-22432601AFE2}.Debug|Any CPU.ActiveCfg = Debug|Any CPU
		{F08B98B5-AE6E-4710-AC25-22432601AFE2}.Debug|Any CPU.Build.0 = Debug|Any CPU
		{F08B98B5-AE6E-4710-AC25-22432601AFE2}.Release|Any CPU.ActiveCfg = Release|Any CPU
		{F08B98B5-AE6E-4710-AC25-22432601AFE2}.Release|Any CPU.Build.0 = Release|Any CPU
	EndGlobalSection
	GlobalSection(SolutionProperties) = preSolution
		HideSolutionNode = FALSE
	EndGlobalSection
	GlobalSection(ExtensibilityGlobals) = postSolution
		SolutionGuid = {89303E56-6E19-4556-A35D-32BF08576541}
	EndGlobalSection
EndGlobal
