
Microsoft Visual Studio Solution File, Format Version 12.00
# Visual Studio 2012
Project("{FAE04EC0-301F-11D3-BF4B-00C04F79EFBC}") = "KIWebApp", "KIWebApp\KIWebApp.csproj", "{563CB47F-D489-44F9-A534-1634AC2294E9}"
EndProject
Global
	GlobalSection(SolutionConfigurationPlatforms) = preSolution
		Debug|Any CPU = Debug|Any CPU
		Release|Any CPU = Release|Any CPU
	EndGlobalSection
	GlobalSection(ProjectConfigurationPlatforms) = postSolution
		{563CB47F-D489-44F9-A534-1634AC2294E9}.Debug|Any CPU.ActiveCfg = Debug|Any CPU
		{563CB47F-D489-44F9-A534-1634AC2294E9}.Debug|Any CPU.Build.0 = Debug|Any CPU
		{563CB47F-D489-44F9-A534-1634AC2294E9}.Release|Any CPU.ActiveCfg = Release|Any CPU
		{563CB47F-D489-44F9-A534-1634AC2294E9}.Release|Any CPU.Build.0 = Release|Any CPU
	EndGlobalSection
	GlobalSection(SolutionProperties) = preSolution
		HideSolutionNode = FALSE
	EndGlobalSection
EndGlobal
